<?xml version="1.0" encoding="UTF-8" standalone="yes" ?>
<CodeBlocks_project_file>
	<FileVersion major="1" minor="6" />
	<Project>
		<Option title="scheduling-routing" />
		<Option pch_mode="2" />
		<Option compiler="gcc" />
		<Build>
			<Target title="Debug">
				<Option output="Debug/bin/scheduling-routing" prefix_auto="1" extension_auto="1" />
				<Option object_output="Debug/obj/" />
				<Option type="1" />
				<Option compiler="gcc" />
				<Compiler>
					<Add option="-g" />
				</Compiler>
			</Target>
			<Target title="Release">
				<Option output="Release/bin/scheduling-routing" prefix_auto="1" extension_auto="1" />
				<Option object_output="Release/obj/" />
				<Option type="1" />
				<Option compiler="gcc" />
				<Compiler>
					<Add option="-O2" />
				</Compiler>
				<Linker>
					<Add option="-s" />
				</Linker>
			</Target>
		</Build>
		<Compiler>
			<Add option="-Wall" />
		</Compiler>
		<Unit filename="Test/test.c">
			<Option compilerVar="CC" />
		</Unit>
		<Unit filename="Test/test.h" />
		<Unit filename="Test/test_conversion_job_void_ptr.c">
			<Option compilerVar="CC" />
		</Unit>
		<Unit filename="Test/test_conversion_job_void_ptr.h" />
		<Unit filename="Test/test_group.c">
			<Option compilerVar="CC" />
		</Unit>
		<Unit filename="Test/test_group.h" />
		<Unit filename="chrono.c">
			<Option compilerVar="CC" />
		</Unit>
		<Unit filename="chrono.h" />
		<Unit filename="flowshop.c">
			<Option compilerVar="CC" />
		</Unit>
		<Unit filename="flowshop.h" />
		<Unit filename="group.c">
			<Option compilerVar="CC" />
		</Unit>
		<Unit filename="group.h" />
		<Unit filename="input.c">
			<Option compilerVar="CC" />
		</Unit>
		<Unit filename="input.h" />
		<Unit filename="instance.c">
			<Option compilerVar="CC" />
		</Unit>
		<Unit filename="instance.h" />
		<Unit filename="job.c">
			<Option compilerVar="CC" />
		</Unit>
		<Unit filename="job.h" />
		<Unit filename="main.c">
			<Option compilerVar="CC" />
		</Unit>
		<Unit filename="nearest_neighboor.c">
			<Option compilerVar="CC" />
		</Unit>
		<Unit filename="nearest_neighboor.h" />
		<Unit filename="neh.c">
			<Option compilerVar="CC" />
		</Unit>
		<Unit filename="neh.h" />
		<Unit filename="output.c">
			<Option compilerVar="CC" />
		</Unit>
		<Unit filename="output.h" />
		<Unit filename="routing.c">
			<Option compilerVar="CC" />
		</Unit>
		<Unit filename="routing.h" />
		<Unit filename="site.c">
			<Option compilerVar="CC" />
		</Unit>
		<Unit filename="site.h" />
		<Unit filename="solution.c">
			<Option compilerVar="CC" />
		</Unit>
		<Unit filename="solution.h" />
		<Unit filename="sort.c">
			<Option compilerVar="CC" />
		</Unit>
		<Unit filename="sort.h" />
		<Extensions>
			<code_completion />
			<debugger />
		</Extensions>
	</Project>
</CodeBlocks_project_file>
